<?xml version="1.0" encoding="utf-8"?>
<Project ToolsVersion="4.0" xmlns="http://schemas.microsoft.com/developer/msbuild/2003">
  <ItemGroup>
    <Filter Include="Исходные файлы">
      <UniqueIdentifier>{4FC737F1-C7A5-4376-A066-2A32D752A2FF}</UniqueIdentifier>
      <Extensions>cpp;c;cc;cxx;c++;cppm;ixx;def;odl;idl;hpj;bat;asm;asmx</Extensions>
    </Filter>
    <Filter Include="Файлы заголовков">
      <UniqueIdentifier>{93995380-89BD-4b04-88EB-625FBE52EBFB}</UniqueIdentifier>
      <Extensions>h;hh;hpp;hxx;h++;hm;inl;inc;ipp;xsd</Extensions>
    </Filter>
    <Filter Include="Файлы ресурсов">
      <UniqueIdentifier>{67DA6AB6-F800-4c08-8B7A-83BB121AAD01}</UniqueIdentifier>
      <Extensions>rc;ico;cur;bmp;dlg;rc2;rct;bin;rgs;gif;jpg;jpeg;jpe;resx;tiff;tif;png;wav;mfcribbon-ms</Extensions>
    </Filter>
    <Filter Include="Файлы ресурсов\shaders">
      <UniqueIdentifier>{78e0a51a-20c7-4443-a9c5-47cd56b5e631}</UniqueIdentifier>
    </Filter>
  </ItemGroup>
  <ItemGroup>
    <ClCompile Include="main.cpp">
      <Filter>Исходные файлы</Filter>
    </ClCompile>
    <ClCompile Include="tsl_window.cpp">
      <Filter>Исходные файлы</Filter>
    </ClCompile>
    <ClCompile Include="app.cpp">
      <Filter>Исходные файлы</Filter>
    </ClCompile>
    <ClCompile Include="tsl_pipeline.cpp">
      <Filter>Исходные файлы</Filter>
    </ClCompile>
    <ClCompile Include="tsl_device.cpp">
      <Filter>Исходные файлы</Filter>
    </ClCompile>
    <ClCompile Include="tsl_swap_chain.cpp">
      <Filter>Исходные файлы</Filter>
    </ClCompile>
    <ClCompile Include="tsl_model.cpp">
      <Filter>Исходные файлы</Filter>
    </ClCompile>
    <ClCompile Include="tsl_renderer.cpp">
      <Filter>Исходные файлы</Filter>
    </ClCompile>
    <ClCompile Include="tsl_camera.cpp">
      <Filter>Исходные файлы</Filter>
    </ClCompile>
    <ClCompile Include="keyboard_movement_controller.hpp">
      <Filter>Файлы заголовков</Filter>
    </ClCompile>
    <ClCompile Include="keyboard_movement_controller.cpp">
      <Filter>Исходные файлы</Filter>
    </ClCompile>
    <ClCompile Include="tsl_scene_object.cpp">
      <Filter>Исходные файлы</Filter>
    </ClCompile>
    <ClCompile Include="tsl_buffer.cpp">
      <Filter>Исходные файлы</Filter>
    </ClCompile>
    <ClCompile Include="tsl_descriptors.cpp">
      <Filter>Исходные файлы</Filter>
    </ClCompile>
    <ClCompile Include="simple_render_system.cpp">
      <Filter>Исходные файлы</Filter>
    </ClCompile>
    <ClCompile Include="point_light_system.cpp">
      <Filter>Исходные файлы</Filter>
    </ClCompile>
  </ItemGroup>
  <ItemGroup>
    <ClInclude Include="tsl_window.hpp">
      <Filter>Файлы заголовков</Filter>
    </ClInclude>
    <ClInclude Include="app.hpp">
      <Filter>Файлы заголовков</Filter>
    </ClInclude>
    <ClInclude Include="tsl_pipeline.hpp">
      <Filter>Файлы заголовков</Filter>
    </ClInclude>
    <ClInclude Include="tsl_device.hpp">
      <Filter>Файлы заголовков</Filter>
    </ClInclude>
    <ClInclude Include="tsl_swap_chain.hpp">
      <Filter>Файлы заголовков</Filter>
    </ClInclude>
    <ClInclude Include="tsl_model.hpp">
      <Filter>Файлы заголовков</Filter>
    </ClInclude>
    <ClInclude Include="tsl_scene_object.hpp">
      <Filter>Файлы заголовков</Filter>
    </ClInclude>
    <ClInclude Include="tsl_renderer.hpp">
      <Filter>Файлы заголовков</Filter>
    </ClInclude>
    <ClInclude Include="tsl_camera.hpp">
      <Filter>Файлы заголовков</Filter>
    </ClInclude>
    <ClInclude Include="tsl_utils.hpp">
      <Filter>Файлы заголовков</Filter>
    </ClInclude>
    <ClInclude Include="tsl_buffer.hpp">
      <Filter>Файлы заголовков</Filter>
    </ClInclude>
    <ClInclude Include="tsl_frame_info.hpp">
      <Filter>Файлы заголовков</Filter>
    </ClInclude>
    <ClInclude Include="tsl_descriptors.hpp">
      <Filter>Файлы заголовков</Filter>
    </ClInclude>
    <ClInclude Include="simple_render_system.hpp">
      <Filter>Файлы заголовков</Filter>
    </ClInclude>
    <ClInclude Include="point_light_system.hpp">
      <Filter>Файлы заголовков</Filter>
    </ClInclude>
  </ItemGroup>
  <ItemGroup>
    <None Include="shaders\simple_shader.vert">
      <Filter>Файлы ресурсов\shaders</Filter>
    </None>
    <None Include="shaders\simple_shader.frag">
      <Filter>Файлы ресурсов\shaders</Filter>
    </None>
    <None Include="shaders\compile.bat">
      <Filter>Файлы ресурсов\shaders</Filter>
    </None>
    <None Include="shaders\point_light.frag">
      <Filter>Файлы ресурсов\shaders</Filter>
    </None>
    <None Include="shaders\point_light.vert">
      <Filter>Файлы ресурсов\shaders</Filter>
    </None>
  </ItemGroup>
</Project>